
Microsoft Visual Studio Solution File, Format Version 12.00
# Visual Studio 14
VisualStudioVersion = 14.0.25420.1
MinimumVisualStudioVersion = 10.0.40219.1
Project("{FAE04EC0-301F-11D3-BF4B-00C04F79EFBC}") = "Game2048.Game.Library", "Game2048.Game.Library\Game2048.Game.Library.csproj", "{9466B218-6950-4F3B-8E1D-B314C1E49A70}"
EndProject
Project("{FAE04EC0-301F-11D3-BF4B-00C04F79EFBC}") = "Game2048.Game.ConsoleVersion", "Game2048.Game.ConsoleVersion\Game2048.Game.ConsoleVersion.csproj", "{6F9BEE94-962B-4DA6-8382-9CDDD8CD8DDD}"
EndProject
Project("{FAE04EC0-301F-11D3-BF4B-00C04F79EFBC}") = "Game2048.AI.TD_Learning", "Game2048.AI.TD_Learning\Game2048.AI.TD_Learning.csproj", "{B2B9485C-062A-4AD6-A430-E4D6D41C4021}"
EndProject
Project("{FAE04EC0-301F-11D3-BF4B-00C04F79EFBC}") = "Game2048.AI.NeuralNetwork", "Game2048.AI.NeuralNetwork\Game2048.AI.NeuralNetwork.csproj", "{0507EAB8-579F-4BB3-83CC-79C7A5257FD5}"
EndProject
Project("{FAE04EC0-301F-11D3-BF4B-00C04F79EFBC}") = "Game2048.AI.GoalBasedLearning", "Game2048.AI.GoalBasedLearning\Game2048.AI.GoalBasedLearning.csproj", "{15589D36-71D0-42A8-99A7-CD42C77830C8}"
EndProject
Project("{FAE04EC0-301F-11D3-BF4B-00C04F79EFBC}") = "UnitTestProject", "UnitTestProject\UnitTestProject.csproj", "{75B1D49C-FAE6-47DB-BE6F-03632B908456}"
EndProject
Global
	GlobalSection(SolutionConfigurationPlatforms) = preSolution
		Debug|Any CPU = Debug|Any CPU
		Debug|x64 = Debug|x64
		Debug|x86 = Debug|x86
		Release|Any CPU = Release|Any CPU
		Release|x64 = Release|x64
		Release|x86 = Release|x86
	EndGlobalSection
	GlobalSection(ProjectConfigurationPlatforms) = postSolution
		{9466B218-6950-4F3B-8E1D-B314C1E49A70}.Debug|Any CPU.ActiveCfg = Debug|Any CPU
		{9466B218-6950-4F3B-8E1D-B314C1E49A70}.Debug|Any CPU.Build.0 = Debug|Any CPU
		{9466B218-6950-4F3B-8E1D-B314C1E49A70}.Debug|x64.ActiveCfg = Debug|x64
		{9466B218-6950-4F3B-8E1D-B314C1E49A70}.Debug|x64.Build.0 = Debug|x64
		{9466B218-6950-4F3B-8E1D-B314C1E49A70}.Debug|x86.ActiveCfg = Debug|x86
		{9466B218-6950-4F3B-8E1D-B314C1E49A70}.Debug|x86.Build.0 = Debug|x86
		{9466B218-6950-4F3B-8E1D-B314C1E49A70}.Release|Any CPU.ActiveCfg = Release|Any CPU
		{9466B218-6950-4F3B-8E1D-B314C1E49A70}.Release|Any CPU.Build.0 = Release|Any CPU
		{9466B218-6950-4F3B-8E1D-B314C1E49A70}.Release|x64.ActiveCfg = Release|x64
		{9466B218-6950-4F3B-8E1D-B314C1E49A70}.Release|x64.Build.0 = Release|x64
		{9466B218-6950-4F3B-8E1D-B314C1E49A70}.Release|x86.ActiveCfg = Release|x86
		{9466B218-6950-4F3B-8E1D-B314C1E49A70}.Release|x86.Build.0 = Release|x86
		{6F9BEE94-962B-4DA6-8382-9CDDD8CD8DDD}.Debug|Any CPU.ActiveCfg = Debug|Any CPU
		{6F9BEE94-962B-4DA6-8382-9CDDD8CD8DDD}.Debug|Any CPU.Build.0 = Debug|Any CPU
		{6F9BEE94-962B-4DA6-8382-9CDDD8CD8DDD}.Debug|x64.ActiveCfg = Debug|x64
		{6F9BEE94-962B-4DA6-8382-9CDDD8CD8DDD}.Debug|x64.Build.0 = Debug|x64
		{6F9BEE94-962B-4DA6-8382-9CDDD8CD8DDD}.Debug|x86.ActiveCfg = Debug|x86
		{6F9BEE94-962B-4DA6-8382-9CDDD8CD8DDD}.Debug|x86.Build.0 = Debug|x86
		{6F9BEE94-962B-4DA6-8382-9CDDD8CD8DDD}.Release|Any CPU.ActiveCfg = Release|Any CPU
		{6F9BEE94-962B-4DA6-8382-9CDDD8CD8DDD}.Release|Any CPU.Build.0 = Release|Any CPU
		{6F9BEE94-962B-4DA6-8382-9CDDD8CD8DDD}.Release|x64.ActiveCfg = Release|x64
		{6F9BEE94-962B-4DA6-8382-9CDDD8CD8DDD}.Release|x64.Build.0 = Release|x64
		{6F9BEE94-962B-4DA6-8382-9CDDD8CD8DDD}.Release|x86.ActiveCfg = Release|x86
		{6F9BEE94-962B-4DA6-8382-9CDDD8CD8DDD}.Release|x86.Build.0 = Release|x86
		{B2B9485C-062A-4AD6-A430-E4D6D41C4021}.Debug|Any CPU.ActiveCfg = Debug|Any CPU
		{B2B9485C-062A-4AD6-A430-E4D6D41C4021}.Debug|Any CPU.Build.0 = Debug|Any CPU
		{B2B9485C-062A-4AD6-A430-E4D6D41C4021}.Debug|x64.ActiveCfg = Debug|x64
		{B2B9485C-062A-4AD6-A430-E4D6D41C4021}.Debug|x64.Build.0 = Debug|x64
		{B2B9485C-062A-4AD6-A430-E4D6D41C4021}.Debug|x86.ActiveCfg = Debug|x86
		{B2B9485C-062A-4AD6-A430-E4D6D41C4021}.Debug|x86.Build.0 = Debug|x86
		{B2B9485C-062A-4AD6-A430-E4D6D41C4021}.Release|Any CPU.ActiveCfg = Release|Any CPU
		{B2B9485C-062A-4AD6-A430-E4D6D41C4021}.Release|Any CPU.Build.0 = Release|Any CPU
		{B2B9485C-062A-4AD6-A430-E4D6D41C4021}.Release|x64.ActiveCfg = Release|x64
		{B2B9485C-062A-4AD6-A430-E4D6D41C4021}.Release|x64.Build.0 = Release|x64
		{B2B9485C-062A-4AD6-A430-E4D6D41C4021}.Release|x86.ActiveCfg = Release|x86
		{B2B9485C-062A-4AD6-A430-E4D6D41C4021}.Release|x86.Build.0 = Release|x86
		{0507EAB8-579F-4BB3-83CC-79C7A5257FD5}.Debug|Any CPU.ActiveCfg = Debug|Any CPU
		{0507EAB8-579F-4BB3-83CC-79C7A5257FD5}.Debug|Any CPU.Build.0 = Debug|Any CPU
		{0507EAB8-579F-4BB3-83CC-79C7A5257FD5}.Debug|x64.ActiveCfg = Debug|x64
		{0507EAB8-579F-4BB3-83CC-79C7A5257FD5}.Debug|x64.Build.0 = Debug|x64
		{0507EAB8-579F-4BB3-83CC-79C7A5257FD5}.Debug|x86.ActiveCfg = Debug|x86
		{0507EAB8-579F-4BB3-83CC-79C7A5257FD5}.Debug|x86.Build.0 = Debug|x86
		{0507EAB8-579F-4BB3-83CC-79C7A5257FD5}.Release|Any CPU.ActiveCfg = Release|Any CPU
		{0507EAB8-579F-4BB3-83CC-79C7A5257FD5}.Release|Any CPU.Build.0 = Release|Any CPU
		{0507EAB8-579F-4BB3-83CC-79C7A5257FD5}.Release|x64.ActiveCfg = Release|x64
		{0507EAB8-579F-4BB3-83CC-79C7A5257FD5}.Release|x64.Build.0 = Release|x64
		{0507EAB8-579F-4BB3-83CC-79C7A5257FD5}.Release|x86.ActiveCfg = Release|x86
		{0507EAB8-579F-4BB3-83CC-79C7A5257FD5}.Release|x86.Build.0 = Release|x86
		{15589D36-71D0-42A8-99A7-CD42C77830C8}.Debug|Any CPU.ActiveCfg = Debug|Any CPU
		{15589D36-71D0-42A8-99A7-CD42C77830C8}.Debug|Any CPU.Build.0 = Debug|Any CPU
		{15589D36-71D0-42A8-99A7-CD42C77830C8}.Debug|x64.ActiveCfg = Debug|Any CPU
		{15589D36-71D0-42A8-99A7-CD42C77830C8}.Debug|x64.Build.0 = Debug|Any CPU
		{15589D36-71D0-42A8-99A7-CD42C77830C8}.Debug|x86.ActiveCfg = Debug|Any CPU
		{15589D36-71D0-42A8-99A7-CD42C77830C8}.Debug|x86.Build.0 = Debug|Any CPU
		{15589D36-71D0-42A8-99A7-CD42C77830C8}.Release|Any CPU.ActiveCfg = Release|Any CPU
		{15589D36-71D0-42A8-99A7-CD42C77830C8}.Release|Any CPU.Build.0 = Release|Any CPU
		{15589D36-71D0-42A8-99A7-CD42C77830C8}.Release|x64.ActiveCfg = Release|Any CPU
		{15589D36-71D0-42A8-99A7-CD42C77830C8}.Release|x64.Build.0 = Release|Any CPU
		{15589D36-71D0-42A8-99A7-CD42C77830C8}.Release|x86.ActiveCfg = Release|Any CPU
		{15589D36-71D0-42A8-99A7-CD42C77830C8}.Release|x86.Build.0 = Release|Any CPU
		{75B1D49C-FAE6-47DB-BE6F-03632B908456}.Debug|Any CPU.ActiveCfg = Debug|Any CPU
		{75B1D49C-FAE6-47DB-BE6F-03632B908456}.Debug|Any CPU.Build.0 = Debug|Any CPU
		{75B1D49C-FAE6-47DB-BE6F-03632B908456}.Debug|x64.ActiveCfg = Debug|Any CPU
		{75B1D49C-FAE6-47DB-BE6F-03632B908456}.Debug|x64.Build.0 = Debug|Any CPU
		{75B1D49C-FAE6-47DB-BE6F-03632B908456}.Debug|x86.ActiveCfg = Debug|Any CPU
		{75B1D49C-FAE6-47DB-BE6F-03632B908456}.Debug|x86.Build.0 = Debug|Any CPU
		{75B1D49C-FAE6-47DB-BE6F-03632B908456}.Release|Any CPU.ActiveCfg = Release|Any CPU
		{75B1D49C-FAE6-47DB-BE6F-03632B908456}.Release|Any CPU.Build.0 = Release|Any CPU
		{75B1D49C-FAE6-47DB-BE6F-03632B908456}.Release|x64.ActiveCfg = Release|Any CPU
		{75B1D49C-FAE6-47DB-BE6F-03632B908456}.Release|x64.Build.0 = Release|Any CPU
		{75B1D49C-FAE6-47DB-BE6F-03632B908456}.Release|x86.ActiveCfg = Release|Any CPU
		{75B1D49C-FAE6-47DB-BE6F-03632B908456}.Release|x86.Build.0 = Release|Any CPU
	EndGlobalSection
	GlobalSection(SolutionProperties) = preSolution
		HideSolutionNode = FALSE
	EndGlobalSection
EndGlobal
